
Microsoft Visual Studio Solution File, Format Version 12.00
# Visual Studio Version 16
VisualStudioVersion = 16.0.29503.13
MinimumVisualStudioVersion = 10.0.40219.1
Project("{FAE04EC0-301F-11D3-BF4B-00C04F79EFBC}") = "DataLayer", "DataLayer\DataLayer.csproj", "{E984A56D-E81E-470A-9CE3-4C57B2710025}"
EndProject
Project("{FAE04EC0-301F-11D3-BF4B-00C04F79EFBC}") = "Core", "Core\Core.csproj", "{86C2EF2D-A1C8-4E6C-BDFC-16172F8BD2FB}"
EndProject
Project("{FAE04EC0-301F-11D3-BF4B-00C04F79EFBC}") = "UI", "UI\UI.csproj", "{69A659C8-964A-4C3F-A474-7E407D9FCF28}"
EndProject
Global
	GlobalSection(SolutionConfigurationPlatforms) = preSolution
		Debug|Any CPU = Debug|Any CPU
		Release|Any CPU = Release|Any CPU
	EndGlobalSection
	GlobalSection(ProjectConfigurationPlatforms) = postSolution
		{E984A56D-E81E-470A-9CE3-4C57B2710025}.Debug|Any CPU.ActiveCfg = Debug|Any CPU
		{E984A56D-E81E-470A-9CE3-4C57B2710025}.Debug|Any CPU.Build.0 = Debug|Any CPU
		{E984A56D-E81E-470A-9CE3-4C57B2710025}.Release|Any CPU.ActiveCfg = Release|Any CPU
		{E984A56D-E81E-470A-9CE3-4C57B2710025}.Release|Any CPU.Build.0 = Release|Any CPU
		{86C2EF2D-A1C8-4E6C-BDFC-16172F8BD2FB}.Debug|Any CPU.ActiveCfg = Debug|Any CPU
		{86C2EF2D-A1C8-4E6C-BDFC-16172F8BD2FB}.Debug|Any CPU.Build.0 = Debug|Any CPU
		{86C2EF2D-A1C8-4E6C-BDFC-16172F8BD2FB}.Release|Any CPU.ActiveCfg = Release|Any CPU
		{86C2EF2D-A1C8-4E6C-BDFC-16172F8BD2FB}.Release|Any CPU.Build.0 = Release|Any CPU
		{69A659C8-964A-4C3F-A474-7E407D9FCF28}.Debug|Any CPU.ActiveCfg = Debug|Any CPU
		{69A659C8-964A-4C3F-A474-7E407D9FCF28}.Debug|Any CPU.Build.0 = Debug|Any CPU
		{69A659C8-964A-4C3F-A474-7E407D9FCF28}.Release|Any CPU.ActiveCfg = Release|Any CPU
		{69A659C8-964A-4C3F-A474-7E407D9FCF28}.Release|Any CPU.Build.0 = Release|Any CPU
	EndGlobalSection
	GlobalSection(SolutionProperties) = preSolution
		HideSolutionNode = FALSE
	EndGlobalSection
	GlobalSection(ExtensibilityGlobals) = postSolution
		SolutionGuid = {E2D6622E-1477-400B-B0C3-3E53EA858E68}
	EndGlobalSection
EndGlobal
